// !$*UTF8*$!
{
	archiveVersion = 1;
	classes = {
	};
	objectVersion = 46;
	objects = {

/* Begin PBXBuildFile section */
		03F3B18C392D009BF7FBC44C /* libPods.a in Frameworks */ = {isa = PBXBuildFile; fileRef = F3E660E20C9B3DEE6700DC7D /* libPods.a */; };
		F56565D41A2BDC4B0039858B /* AppDelegate.swift in Sources */ = {isa = PBXBuildFile; fileRef = F56565D31A2BDC4B0039858B /* AppDelegate.swift */; };
		F56565D61A2BDC4B0039858B /* ViewController.swift in Sources */ = {isa = PBXBuildFile; fileRef = F56565D51A2BDC4B0039858B /* ViewController.swift */; };
		F56565D91A2BDC4B0039858B /* Main.storyboard in Resources */ = {isa = PBXBuildFile; fileRef = F56565D71A2BDC4B0039858B /* Main.storyboard */; };
		F56565DB1A2BDC4B0039858B /* Images.xcassets in Resources */ = {isa = PBXBuildFile; fileRef = F56565DA1A2BDC4B0039858B /* Images.xcassets */; };
		F56565DE1A2BDC4B0039858B /* LaunchScreen.xib in Resources */ = {isa = PBXBuildFile; fileRef = F56565DC1A2BDC4B0039858B /* LaunchScreen.xib */; };
		F56565EA1A2BDC4B0039858B /* SlowWoodTests.swift in Sources */ = {isa = PBXBuildFile; fileRef = F56565E91A2BDC4B0039858B /* SlowWoodTests.swift */; };
		F56974E31A2BE13D00DB969E /* Logger.swift in Sources */ = {isa = PBXBuildFile; fileRef = F56974E21A2BE13D00DB969E /* Logger.swift */; };
/* End PBXBuildFile section */

/* Begin PBXContainerItemProxy section */
		F56565E41A2BDC4B0039858B /* PBXContainerItemProxy */ = {
			isa = PBXContainerItemProxy;
			containerPortal = F56565C61A2BDC4B0039858B /* Project object */;
			proxyType = 1;
			remoteGlobalIDString = F56565CD1A2BDC4B0039858B;
			remoteInfo = SlowWood;
		};
/* End PBXContainerItemProxy section */

/* Begin PBXFileReference section */
		07E119E8684F0EE829A6FC76 /* Pods.debug.xcconfig */ = {isa = PBXFileReference; includeInIndex = 1; lastKnownFileType = text.xcconfig; name = Pods.debug.xcconfig; path = "Pods/Target Support Files/Pods/Pods.debug.xcconfig"; sourceTree = "<group>"; };
		C8A24767993BA9DFB87E8298 /* Pods.release.xcconfig */ = {isa = PBXFileReference; includeInIndex = 1; lastKnownFileType = text.xcconfig; name = Pods.release.xcconfig; path = "Pods/Target Support Files/Pods/Pods.release.xcconfig"; sourceTree = "<group>"; };
		F3E660E20C9B3DEE6700DC7D /* libPods.a */ = {isa = PBXFileReference; explicitFileType = archive.ar; includeInIndex = 0; path = libPods.a; sourceTree = BUILT_PRODUCTS_DIR; };
		F56565CE1A2BDC4B0039858B /* SlowWood.app */ = {isa = PBXFileReference; explicitFileType = wrapper.application; includeInIndex = 0; path = SlowWood.app; sourceTree = BUILT_PRODUCTS_DIR; };
		F56565D21A2BDC4B0039858B /* Info.plist */ = {isa = PBXFileReference; lastKnownFileType = text.plist.xml; path = Info.plist; sourceTree = "<group>"; };
		F56565D31A2BDC4B0039858B /* AppDelegate.swift */ = {isa = PBXFileReference; lastKnownFileType = sourcecode.swift; path = AppDelegate.swift; sourceTree = "<group>"; };
		F56565D51A2BDC4B0039858B /* ViewController.swift */ = {isa = PBXFileReference; lastKnownFileType = sourcecode.swift; path = ViewController.swift; sourceTree = "<group>"; };
		F56565D81A2BDC4B0039858B /* Base */ = {isa = PBXFileReference; lastKnownFileType = file.storyboard; name = Base; path = Base.lproj/Main.storyboard; sourceTree = "<group>"; };
		F56565DA1A2BDC4B0039858B /* Images.xcassets */ = {isa = PBXFileReference; lastKnownFileType = folder.assetcatalog; path = Images.xcassets; sourceTree = "<group>"; };
		F56565DD1A2BDC4B0039858B /* Base */ = {isa = PBXFileReference; lastKnownFileType = file.xib; name = Base; path = Base.lproj/LaunchScreen.xib; sourceTree = "<group>"; };
		F56565E31A2BDC4B0039858B /* SlowWoodTests.xctest */ = {isa = PBXFileReference; explicitFileType = wrapper.cfbundle; includeInIndex = 0; path = SlowWoodTests.xctest; sourceTree = BUILT_PRODUCTS_DIR; };
		F56565E81A2BDC4B0039858B /* Info.plist */ = {isa = PBXFileReference; lastKnownFileType = text.plist.xml; path = Info.plist; sourceTree = "<group>"; };
		F56565E91A2BDC4B0039858B /* SlowWoodTests.swift */ = {isa = PBXFileReference; lastKnownFileType = sourcecode.swift; path = SlowWoodTests.swift; sourceTree = "<group>"; };
		F56974E11A2BDF7100DB969E /* SlowWood-Bridging-Header.h */ = {isa = PBXFileReference; fileEncoding = 4; lastKnownFileType = sourcecode.c.h; path = "SlowWood-Bridging-Header.h"; sourceTree = "<group>"; };
		F56974E21A2BE13D00DB969E /* Logger.swift */ = {isa = PBXFileReference; fileEncoding = 4; lastKnownFileType = sourcecode.swift; path = Logger.swift; sourceTree = "<group>"; };
/* End PBXFileReference section */

/* Begin PBXFrameworksBuildPhase section */
		F56565CB1A2BDC4B0039858B /* Frameworks */ = {
			isa = PBXFrameworksBuildPhase;
			buildActionMask = 2147483647;
			files = (
				03F3B18C392D009BF7FBC44C /* libPods.a in Frameworks */,
			);
			runOnlyForDeploymentPostprocessing = 0;
		};
		F56565E01A2BDC4B0039858B /* Frameworks */ = {
			isa = PBXFrameworksBuildPhase;
			buildActionMask = 2147483647;
			files = (
			);
			runOnlyForDeploymentPostprocessing = 0;
		};
/* End PBXFrameworksBuildPhase section */

/* Begin PBXGroup section */
		A3301B31D2D585E7132A54C8 /* Frameworks */ = {
			isa = PBXGroup;
			children = (
				F3E660E20C9B3DEE6700DC7D /* libPods.a */,
			);
			name = Frameworks;
			sourceTree = "<group>";
		};
		CB199E5E7835497F5EBA2B27 /* Pods */ = {
			isa = PBXGroup;
			children = (
				07E119E8684F0EE829A6FC76 /* Pods.debug.xcconfig */,
				C8A24767993BA9DFB87E8298 /* Pods.release.xcconfig */,
			);
			name = Pods;
			sourceTree = "<group>";
		};
		F56565C51A2BDC4B0039858B = {
			isa = PBXGroup;
			children = (
				F56565D01A2BDC4B0039858B /* SlowWood */,
				F56565E61A2BDC4B0039858B /* SlowWoodTests */,
				F56565CF1A2BDC4B0039858B /* Products */,
				CB199E5E7835497F5EBA2B27 /* Pods */,
				A3301B31D2D585E7132A54C8 /* Frameworks */,
			);
			sourceTree = "<group>";
		};
		F56565CF1A2BDC4B0039858B /* Products */ = {
			isa = PBXGroup;
			children = (
				F56565CE1A2BDC4B0039858B /* SlowWood.app */,
				F56565E31A2BDC4B0039858B /* SlowWoodTests.xctest */,
			);
			name = Products;
			sourceTree = "<group>";
		};
		F56565D01A2BDC4B0039858B /* SlowWood */ = {
			isa = PBXGroup;
			children = (
				F56565D31A2BDC4B0039858B /* AppDelegate.swift */,
				F56565D51A2BDC4B0039858B /* ViewController.swift */,
				F56565D71A2BDC4B0039858B /* Main.storyboard */,
				F56565DA1A2BDC4B0039858B /* Images.xcassets */,
				F56565DC1A2BDC4B0039858B /* LaunchScreen.xib */,
				F56565D11A2BDC4B0039858B /* Supporting Files */,
				F56974E11A2BDF7100DB969E /* SlowWood-Bridging-Header.h */,
				F56974E21A2BE13D00DB969E /* Logger.swift */,
			);
			path = SlowWood;
			sourceTree = "<group>";
		};
		F56565D11A2BDC4B0039858B /* Supporting Files */ = {
			isa = PBXGroup;
			children = (
				F56565D21A2BDC4B0039858B /* Info.plist */,
			);
			name = "Supporting Files";
			sourceTree = "<group>";
		};
		F56565E61A2BDC4B0039858B /* SlowWoodTests */ = {
			isa = PBXGroup;
			children = (
				F56565E91A2BDC4B0039858B /* SlowWoodTests.swift */,
				F56565E71A2BDC4B0039858B /* Supporting Files */,
			);
			path = SlowWoodTests;
			sourceTree = "<group>";
		};
		F56565E71A2BDC4B0039858B /* Supporting Files */ = {
			isa = PBXGroup;
			children = (
				F56565E81A2BDC4B0039858B /* Info.plist */,
			);
			name = "Supporting Files";
			sourceTree = "<group>";
		};
/* End PBXGroup section */

/* Begin PBXNativeTarget section */
		F56565CD1A2BDC4B0039858B /* SlowWood */ = {
			isa = PBXNativeTarget;
			buildConfigurationList = F56565ED1A2BDC4B0039858B /* Build configuration list for PBXNativeTarget "SlowWood" */;
			buildPhases = (
				31D181B0F1D18764F20531E8 /* Check Pods Manifest.lock */,
				F56565CA1A2BDC4B0039858B /* Sources */,
				F56565CB1A2BDC4B0039858B /* Frameworks */,
				F56565CC1A2BDC4B0039858B /* Resources */,
				BFBF84949E71ABBF470FE36D /* Copy Pods Resources */,
			);
			buildRules = (
			);
			dependencies = (
			);
			name = SlowWood;
			productName = SlowWood;
			productReference = F56565CE1A2BDC4B0039858B /* SlowWood.app */;
			productType = "com.apple.product-type.application";
		};
		F56565E21A2BDC4B0039858B /* SlowWoodTests */ = {
			isa = PBXNativeTarget;
			buildConfigurationList = F56565F01A2BDC4B0039858B /* Build configuration list for PBXNativeTarget "SlowWoodTests" */;
			buildPhases = (
				F56565DF1A2BDC4B0039858B /* Sources */,
				F56565E01A2BDC4B0039858B /* Frameworks */,
				F56565E11A2BDC4B0039858B /* Resources */,
			);
			buildRules = (
			);
			dependencies = (
				F56565E51A2BDC4B0039858B /* PBXTargetDependency */,
			);
			name = SlowWoodTests;
			productName = SlowWoodTests;
			productReference = F56565E31A2BDC4B0039858B /* SlowWoodTests.xctest */;
			productType = "com.apple.product-type.bundle.unit-test";
		};
/* End PBXNativeTarget section */

/* Begin PBXProject section */
		F56565C61A2BDC4B0039858B /* Project object */ = {
			isa = PBXProject;
			attributes = {
				LastUpgradeCheck = 0610;
				ORGANIZATIONNAME = ryutaro_mizokami;
				TargetAttributes = {
					F56565CD1A2BDC4B0039858B = {
						CreatedOnToolsVersion = 6.1;
					};
					F56565E21A2BDC4B0039858B = {
						CreatedOnToolsVersion = 6.1;
						TestTargetID = F56565CD1A2BDC4B0039858B;
					};
				};
			};
			buildConfigurationList = F56565C91A2BDC4B0039858B /* Build configuration list for PBXProject "SlowWood" */;
			compatibilityVersion = "Xcode 3.2";
			developmentRegion = English;
			hasScannedForEncodings = 0;
			knownRegions = (
				en,
				Base,
			);
			mainGroup = F56565C51A2BDC4B0039858B;
			productRefGroup = F56565CF1A2BDC4B0039858B /* Products */;
			projectDirPath = "";
			projectRoot = "";
			targets = (
				F56565CD1A2BDC4B0039858B /* SlowWood */,
				F56565E21A2BDC4B0039858B /* SlowWoodTests */,
			);
		};
/* End PBXProject section */

/* Begin PBXResourcesBuildPhase section */
		F56565CC1A2BDC4B0039858B /* Resources */ = {
			isa = PBXResourcesBuildPhase;
			buildActionMask = 2147483647;
			files = (
				F56565D91A2BDC4B0039858B /* Main.storyboard in Resources */,
				F56565DE1A2BDC4B0039858B /* LaunchScreen.xib in Resources */,
				F56565DB1A2BDC4B0039858B /* Images.xcassets in Resources */,
			);
			runOnlyForDeploymentPostprocessing = 0;
		};
		F56565E11A2BDC4B0039858B /* Resources */ = {
			isa = PBXResourcesBuildPhase;
			buildActionMask = 2147483647;
			files = (
			);
			runOnlyForDeploymentPostprocessing = 0;
		};
/* End PBXResourcesBuildPhase section */

/* Begin PBXShellScriptBuildPhase section */
		31D181B0F1D18764F20531E8 /* Check Pods Manifest.lock */ = {
			isa = PBXShellScriptBuildPhase;
			buildActionMask = 2147483647;
			files = (
			);
			inputPaths = (
			);
			name = "Check Pods Manifest.lock";
			outputPaths = (
			);
			runOnlyForDeploymentPostprocessing = 0;
			shellPath = /bin/sh;
			shellScript = "diff \"${PODS_ROOT}/../Podfile.lock\" \"${PODS_ROOT}/Manifest.lock\" > /dev/null\nif [[ $? != 0 ]] ; then\n    cat << EOM\nerror: The sandbox is not in sync with the Podfile.lock. Run 'pod install' or update your CocoaPods installation.\nEOM\n    exit 1\nfi\n";
			showEnvVarsInLog = 0;
		};
		BFBF84949E71ABBF470FE36D /* Copy Pods Resources */ = {
			isa = PBXShellScriptBuildPhase;
			buildActionMask = 2147483647;
			files = (
			);
			inputPaths = (
			);
			name = "Copy Pods Resources";
			outputPaths = (
			);
			runOnlyForDeploymentPostprocessing = 0;
			shellPath = /bin/sh;
			shellScript = "\"${SRCROOT}/Pods/Target Support Files/Pods/Pods-resources.sh\"\n";
			showEnvVarsInLog = 0;
		};
/* End PBXShellScriptBuildPhase section */

/* Begin PBXSourcesBuildPhase section */
		F56565CA1A2BDC4B0039858B /* Sources */ = {
			isa = PBXSourcesBuildPhase;
			buildActionMask = 2147483647;
			files = (
				F56565D61A2BDC4B0039858B /* ViewController.swift in Sources */,
				F56974E31A2BE13D00DB969E /* Logger.swift in Sources */,
				F56565D41A2BDC4B0039858B /* AppDelegate.swift in Sources */,
			);
			runOnlyForDeploymentPostprocessing = 0;
		};
		F56565DF1A2BDC4B0039858B /* Sources */ = {
			isa = PBXSourcesBuildPhase;
			buildActionMask = 2147483647;
			files = (
				F56565EA1A2BDC4B0039858B /* SlowWoodTests.swift in Sources */,
			);
			runOnlyForDeploymentPostprocessing = 0;
		};
/* End PBXSourcesBuildPhase section */

/* Begin PBXTargetDependency section */
		F56565E51A2BDC4B0039858B /* PBXTargetDependency */ = {
			isa = PBXTargetDependency;
			target = F56565CD1A2BDC4B0039858B /* SlowWood */;
			targetProxy = F56565E41A2BDC4B0039858B /* PBXContainerItemProxy */;
		};
/* End PBXTargetDependency section */

/* Begin PBXVariantGroup section */
		F56565D71A2BDC4B0039858B /* Main.storyboard */ = {
			isa = PBXVariantGroup;
			children = (
				F56565D81A2BDC4B0039858B /* Base */,
			);
			name = Main.storyboard;
			sourceTree = "<group>";
		};
		F56565DC1A2BDC4B0039858B /* LaunchScreen.xib */ = {
			isa = PBXVariantGroup;
			children = (
				F56565DD1A2BDC4B0039858B /* Base */,
			);
			name = LaunchScreen.xib;
			sourceTree = "<group>";
		};
/* End PBXVariantGroup section */

/* Begin XCBuildConfiguration section */
		F56565EB1A2BDC4B0039858B /* Debug */ = {
			isa = XCBuildConfiguration;
			buildSettings = {
				ALWAYS_SEARCH_USER_PATHS = NO;
				CLANG_CXX_LANGUAGE_STANDARD = "gnu++0x";
				CLANG_CXX_LIBRARY = "libc++";
				CLANG_ENABLE_MODULES = YES;
				CLANG_ENABLE_OBJC_ARC = YES;
				CLANG_WARN_BOOL_CONVERSION = YES;
				CLANG_WARN_CONSTANT_CONVERSION = YES;
				CLANG_WARN_DIRECT_OBJC_ISA_USAGE = YES_ERROR;
				CLANG_WARN_EMPTY_BODY = YES;
				CLANG_WARN_ENUM_CONVERSION = YES;
				CLANG_WARN_INT_CONVERSION = YES;
				CLANG_WARN_OBJC_ROOT_CLASS = YES_ERROR;
				CLANG_WARN_UNREACHABLE_CODE = YES;
				CLANG_WARN__DUPLICATE_METHOD_MATCH = YES;
				"CODE_SIGN_IDENTITY[sdk=iphoneos*]" = "iPhone Developer";
				COPY_PHASE_STRIP = NO;
				ENABLE_STRICT_OBJC_MSGSEND = YES;
				GCC_C_LANGUAGE_STANDARD = gnu99;
				GCC_DYNAMIC_NO_PIC = NO;
				GCC_OPTIMIZATION_LEVEL = 0;
				GCC_PREPROCESSOR_DEFINITIONS = (
					"DEBUG=1",
					"$(inherited)",
				);
				GCC_SYMBOLS_PRIVATE_EXTERN = NO;
				GCC_WARN_64_TO_32_BIT_CONVERSION = YES;
				GCC_WARN_ABOUT_RETURN_TYPE = YES_ERROR;
				GCC_WARN_UNDECLARED_SELECTOR = YES;
				GCC_WARN_UNINITIALIZED_AUTOS = YES_AGGRESSIVE;
				GCC_WARN_UNUSED_FUNCTION = YES;
				GCC_WARN_UNUSED_VARIABLE = YES;
				IPHONEOS_DEPLOYMENT_TARGET = 8.1;
				MTL_ENABLE_DEBUG_INFO = YES;
				ONLY_ACTIVE_ARCH = YES;
				SDKROOT = iphoneos;
				SWIFT_OPTIMIZATION_LEVEL = "-Onone";
			};
			name = Debug;
		};
		F56565EC1A2BDC4B0039858B /* Release */ = {
			isa = XCBuildConfiguration;
			buildSettings = {
				ALWAYS_SEARCH_USER_PATHS = NO;
				CLANG_CXX_LANGUAGE_STANDARD = "gnu++0x";
				CLANG_CXX_LIBRARY = "libc++";
				CLANG_ENABLE_MODULES = YES;
				CLANG_ENABLE_OBJC_ARC = YES;
				CLANG_WARN_BOOL_CONVERSION = YES;
				CLANG_WARN_CONSTANT_CONVERSION = YES;
				CLANG_WARN_DIRECT_OBJC_ISA_USAGE = YES_ERROR;
				CLANG_WARN_EMPTY_BODY = YES;
				CLANG_WARN_ENUM_CONVERSION = YES;
				CLANG_WARN_INT_CONVERSION = YES;
				CLANG_WARN_OBJC_ROOT_CLASS = YES_ERROR;
				CLANG_WARN_UNREACHABLE_CODE = YES;
				CLANG_WARN__DUPLICATE_METHOD_MATCH = YES;
				"CODE_SIGN_IDENTITY[sdk=iphoneos*]" = "iPhone Developer";
				COPY_PHASE_STRIP = YES;
				ENABLE_NS_ASSERTIONS = NO;
				ENABLE_STRICT_OBJC_MSGSEND = YES;
				GCC_C_LANGUAGE_STANDARD = gnu99;
				GCC_WARN_64_TO_32_BIT_CONVERSION = YES;
				GCC_WARN_ABOUT_RETURN_TYPE = YES_ERROR;
				GCC_WARN_UNDECLARED_SELECTOR = YES;
				GCC_WARN_UNINITIALIZED_AUTOS = YES_AGGRESSIVE;
				GCC_WARN_UNUSED_FUNCTION = YES;
				GCC_WARN_UNUSED_VARIABLE = YES;
				IPHONEOS_DEPLOYMENT_TARGET = 8.1;
				MTL_ENABLE_DEBUG_INFO = NO;
				SDKROOT = iphoneos;
				VALIDATE_PRODUCT = YES;
			};
			name = Release;
		};
		F56565EE1A2BDC4B0039858B /* Debug */ = {
			isa = XCBuildConfiguration;
			baseConfigurationReference = 07E119E8684F0EE829A6FC76 /* Pods.debug.xcconfig */;
			buildSettings = {
				ASSETCATALOG_COMPILER_APPICON_NAME = AppIcon;
				INFOPLIST_FILE = SlowWood/Info.plist;
				LD_RUNPATH_SEARCH_PATHS = "$(inherited) @executable_path/Frameworks";
				PRODUCT_NAME = "$(TARGET_NAME)";
				SWIFT_OBJC_BRIDGING_HEADER = "SlowWood/SlowWood-Bridging-Header.h";
			};
			name = Debug;
		};
		F56565EF1A2BDC4B0039858B /* Release */ = {
			isa = XCBuildConfiguration;
			baseConfigurationReference = C8A24767993BA9DFB87E8298 /* Pods.release.xcconfig */;
			buildSettings = {
				ASSETCATALOG_COMPILER_APPICON_NAME = AppIcon;
				INFOPLIST_FILE = SlowWood/Info.plist;
				LD_RUNPATH_SEARCH_PATHS = "$(inherited) @executable_path/Frameworks";
				PRODUCT_NAME = "$(TARGET_NAME)";
				SWIFT_OBJC_BRIDGING_HEADER = "SlowWood/SlowWood-Bridging-Header.h";
			};
			name = Release;
		};
		F56565F11A2BDC4B0039858B /* Debug */ = {
			isa = XCBuildConfiguration;
			buildSettings = {
				BUNDLE_LOADER = "$(TEST_HOST)";
				FRAMEWORK_SEARCH_PATHS = (
					"$(SDKROOT)/Developer/Library/Frameworks",
					"$(inherited)",
				);
				GCC_PREPROCESSOR_DEFINITIONS = (
					"DEBUG=1",
					"$(inherited)",
				);
				INFOPLIST_FILE = SlowWoodTests/Info.plist;
				LD_RUNPATH_SEARCH_PATHS = "$(inherited) @executable_path/Frameworks @loader_path/Frameworks";
				PRODUCT_NAME = "$(TARGET_NAME)";
				TEST_HOST = "$(BUILT_PRODUCTS_DIR)/SlowWood.app/SlowWood";
			};
			name = Debug;
		};
		F56565F21A2BDC4B0039858B /* Release */ = {
			isa = XCBuildConfiguration;
			buildSettings = {
				BUNDLE_LOADER = "$(TEST_HOST)";
				FRAMEWORK_SEARCH_PATHS = (
					"$(SDKROOT)/Developer/Library/Frameworks",
					"$(inherited)",
				);
				INFOPLIST_FILE = SlowWoodTests/Info.plist;
				LD_RUNPATH_SEARCH_PATHS = "$(inherited) @executable_path/Frameworks @loader_path/Frameworks";
				PRODUCT_NAME = "$(TARGET_NAME)";
				TEST_HOST = "$(BUILT_PRODUCTS_DIR)/SlowWood.app/SlowWood";
			};
			name = Release;
		};
/* End XCBuildConfiguration section */

/* Begin XCConfigurationList section */
		F56565C91A2BDC4B0039858B /* Build configuration list for PBXProject "SlowWood" */ = {
			isa = XCConfigurationList;
			buildConfigurations = (
				F56565EB1A2BDC4B0039858B /* Debug */,
				F56565EC1A2BDC4B0039858B /* Release */,
			);
			defaultConfigurationIsVisible = 0;
			defaultConfigurationName = Release;
		};
		F56565ED1A2BDC4B0039858B /* Build configuration list for PBXNativeTarget "SlowWood" */ = {
			isa = XCConfigurationList;
			buildConfigurations = (
				F56565EE1A2BDC4B0039858B /* Debug */,
				F56565EF1A2BDC4B0039858B /* Release */,
			);
			defaultConfigurationIsVisible = 0;
			defaultConfigurationName = Release;
		};
		F56565F01A2BDC4B0039858B /* Build configuration list for PBXNativeTarget "SlowWoodTests" */ = {
			isa = XCConfigurationList;
			buildConfigurations = (
				F56565F11A2BDC4B0039858B /* Debug */,
				F56565F21A2BDC4B0039858B /* Release */,
			);
			defaultConfigurationIsVisible = 0;
			defaultConfigurationName = Release;
		};
/* End XCConfigurationList section */
	};
	rootObject = F56565C61A2BDC4B0039858B /* Project object */;
}
